
Microsoft Visual Studio Solution File, Format Version 12.00
# Visual Studio 15
VisualStudioVersion = 15.0.28307.1927
MinimumVisualStudioVersion = 10.0.40219.1
Project("{8BC9CEB8-8B4A-11D0-8D11-00A0C91BC942}") = "insertionSort", "insertionSort\insertionSort.vcxproj", "{905943A7-A8A8-43FA-895B-A9837B1A232B}"
EndProject
Global
	GlobalSection(SolutionConfigurationPlatforms) = preSolution
		Debug|x64 = Debug|x64
		Debug|x86 = Debug|x86
		Release|x64 = Release|x64
		Release|x86 = Release|x86
	EndGlobalSection
	GlobalSection(ProjectConfigurationPlatforms) = postSolution
		{905943A7-A8A8-43FA-895B-A9837B1A232B}.Debug|x64.ActiveCfg = Debug|x64
		{905943A7-A8A8-43FA-895B-A9837B1A232B}.Debug|x64.Build.0 = Debug|x64
		{905943A7-A8A8-43FA-895B-A9837B1A232B}.Debug|x86.ActiveCfg = Debug|Win32
		{905943A7-A8A8-43FA-895B-A9837B1A232B}.Debug|x86.Build.0 = Debug|Win32
		{905943A7-A8A8-43FA-895B-A9837B1A232B}.Release|x64.ActiveCfg = Release|x64
		{905943A7-A8A8-43FA-895B-A9837B1A232B}.Release|x64.Build.0 = Release|x64
		{905943A7-A8A8-43FA-895B-A9837B1A232B}.Release|x86.ActiveCfg = Release|Win32
		{905943A7-A8A8-43FA-895B-A9837B1A232B}.Release|x86.Build.0 = Release|Win32
	EndGlobalSection
	GlobalSection(SolutionProperties) = preSolution
		HideSolutionNode = FALSE
	EndGlobalSection
	GlobalSection(ExtensibilityGlobals) = postSolution
		SolutionGuid = {6C2486F9-75A4-4DF7-B2AB-EE08F58A87A9}
	EndGlobalSection
EndGlobal
